
Microsoft Visual Studio Solution File, Format Version 12.00
# Visual Studio 2013
VisualStudioVersion = 12.0.21005.1
MinimumVisualStudioVersion = 10.0.40219.1
Project("{FAE04EC0-301F-11D3-BF4B-00C04F79EFBC}") = "Database", "Database\Database.csproj", "{9A23A97C-F7E6-4CE7-A963-DC67BFB7DB88}"
EndProject
Project("{FAE04EC0-301F-11D3-BF4B-00C04F79EFBC}") = "DataLayer", "DataLayer\DataLayer.csproj", "{5180ABFC-801D-4258-9AE4-7029B4FF5805}"
EndProject
Global
	GlobalSection(TeamFoundationVersionControl) = preSolution
		SccNumberOfProjects = 3
		SccEnterpriseProvider = {4CA58AB2-18FA-4F8D-95D4-32DDF27D184C}
		SccTeamFoundationServer = https://whitewavedb.visualstudio.com/defaultcollection
		SccLocalPath0 = .
		SccProjectUniqueName1 = Database\\Database.csproj
		SccProjectName1 = Database
		SccLocalPath1 = Database
		SccProjectUniqueName2 = DataLayer\\DataLayer.csproj
		SccProjectName2 = DataLayer
		SccLocalPath2 = DataLayer
	EndGlobalSection
	GlobalSection(SolutionConfigurationPlatforms) = preSolution
		Debug|Any CPU = Debug|Any CPU
		Release|Any CPU = Release|Any CPU
	EndGlobalSection
	GlobalSection(ProjectConfigurationPlatforms) = postSolution
		{9A23A97C-F7E6-4CE7-A963-DC67BFB7DB88}.Debug|Any CPU.ActiveCfg = Debug|Any CPU
		{9A23A97C-F7E6-4CE7-A963-DC67BFB7DB88}.Debug|Any CPU.Build.0 = Debug|Any CPU
		{9A23A97C-F7E6-4CE7-A963-DC67BFB7DB88}.Release|Any CPU.ActiveCfg = Release|Any CPU
		{9A23A97C-F7E6-4CE7-A963-DC67BFB7DB88}.Release|Any CPU.Build.0 = Release|Any CPU
		{5180ABFC-801D-4258-9AE4-7029B4FF5805}.Debug|Any CPU.ActiveCfg = Debug|Any CPU
		{5180ABFC-801D-4258-9AE4-7029B4FF5805}.Debug|Any CPU.Build.0 = Debug|Any CPU
		{5180ABFC-801D-4258-9AE4-7029B4FF5805}.Release|Any CPU.ActiveCfg = Release|Any CPU
		{5180ABFC-801D-4258-9AE4-7029B4FF5805}.Release|Any CPU.Build.0 = Release|Any CPU
	EndGlobalSection
	GlobalSection(SolutionProperties) = preSolution
		HideSolutionNode = FALSE
	EndGlobalSection
EndGlobal
